// !$*UTF8*$!
{
	archiveVersion = 1;
	classes = {
	};
	objectVersion = 46;
	objects = {

/* Begin PBXBuildFile section */
		2329845FFAB6D210F012D62E /* libPods.a in Frameworks */ = {isa = PBXBuildFile; fileRef = D5FCFDA029E7A565241DF361 /* libPods.a */; };
		C20DF77C1BC78E0900DA89F6 /* LYCBrideSayThirdCell.m in Sources */ = {isa = PBXBuildFile; fileRef = C20DF77A1BC78E0900DA89F6 /* LYCBrideSayThirdCell.m */; settings = {ASSET_TAGS = (); }; };
		C20DF77D1BC78E0900DA89F6 /* LYCBrideSayThirdCell.xib in Resources */ = {isa = PBXBuildFile; fileRef = C20DF77B1BC78E0900DA89F6 /* LYCBrideSayThirdCell.xib */; settings = {ASSET_TAGS = (); }; };
		C20DF7811BC7928600DA89F6 /* LYCBrideSayThirdCell2.m in Sources */ = {isa = PBXBuildFile; fileRef = C20DF77F1BC7928600DA89F6 /* LYCBrideSayThirdCell2.m */; settings = {ASSET_TAGS = (); }; };
		C20DF7821BC7928600DA89F6 /* LYCBrideSayThirdCell2.xib in Resources */ = {isa = PBXBuildFile; fileRef = C20DF7801BC7928600DA89F6 /* LYCBrideSayThirdCell2.xib */; settings = {ASSET_TAGS = (); }; };
		C23F3A391BC7F5AD0024D2E0 /* LYCBrideSayHeadDetailControllerViewController.m in Sources */ = {isa = PBXBuildFile; fileRef = C23F3A381BC7F5AD0024D2E0 /* LYCBrideSayHeadDetailControllerViewController.m */; settings = {ASSET_TAGS = (); }; };
		C29047ED1BC606E100706772 /* LYCBrideSayFirstCell.xib in Resources */ = {isa = PBXBuildFile; fileRef = C29047E01BC606E100706772 /* LYCBrideSayFirstCell.xib */; };
		C29047EF1BC606E100706772 /* LYCBrideSaySecondCell.xib in Resources */ = {isa = PBXBuildFile; fileRef = C29047E31BC606E100706772 /* LYCBrideSaySecondCell.xib */; };
		C29047F81BC606F300706772 /* Model4HomePage.m in Sources */ = {isa = PBXBuildFile; fileRef = C29047F51BC606F300706772 /* Model4HomePage.m */; };
		C29047F91BC606F300706772 /* SHwanModle.m in Sources */ = {isa = PBXBuildFile; fileRef = C29047F71BC606F300706772 /* SHwanModle.m */; };
		C29048071BC6072100706772 /* LYCBrideSayController.m in Sources */ = {isa = PBXBuildFile; fileRef = C29048031BC6072100706772 /* LYCBrideSayController.m */; };
		C29048081BC6072100706772 /* ShwanClassificationController.m in Sources */ = {isa = PBXBuildFile; fileRef = C29048051BC6072100706772 /* ShwanClassificationController.m */; };
		C290482D1BC6073E00706772 /* CarouselFingure.m in Sources */ = {isa = PBXBuildFile; fileRef = C290480A1BC6073E00706772 /* CarouselFingure.m */; };
		C290482E1BC6073E00706772 /* MKAnnotationView+WebCache.m in Sources */ = {isa = PBXBuildFile; fileRef = C290480D1BC6073E00706772 /* MKAnnotationView+WebCache.m */; };
		C290482F1BC6073E00706772 /* NSData+ImageContentType.m in Sources */ = {isa = PBXBuildFile; fileRef = C290480F1BC6073E00706772 /* NSData+ImageContentType.m */; };
		C29048301BC6073E00706772 /* SDImageCache.m in Sources */ = {isa = PBXBuildFile; fileRef = C29048111BC6073E00706772 /* SDImageCache.m */; };
		C29048311BC6073E00706772 /* SDWebImageCompat.m in Sources */ = {isa = PBXBuildFile; fileRef = C29048131BC6073E00706772 /* SDWebImageCompat.m */; };
		C29048321BC6073E00706772 /* SDWebImageDecoder.m in Sources */ = {isa = PBXBuildFile; fileRef = C29048151BC6073E00706772 /* SDWebImageDecoder.m */; };
		C29048331BC6073E00706772 /* SDWebImageDownloader.m in Sources */ = {isa = PBXBuildFile; fileRef = C29048171BC6073E00706772 /* SDWebImageDownloader.m */; };
		C29048341BC6073E00706772 /* SDWebImageDownloaderOperation.m in Sources */ = {isa = PBXBuildFile; fileRef = C29048191BC6073E00706772 /* SDWebImageDownloaderOperation.m */; };
		C29048351BC6073E00706772 /* SDWebImageManager.m in Sources */ = {isa = PBXBuildFile; fileRef = C290481B1BC6073E00706772 /* SDWebImageManager.m */; };
		C29048361BC6073E00706772 /* SDWebImagePrefetcher.m in Sources */ = {isa = PBXBuildFile; fileRef = C290481E1BC6073E00706772 /* SDWebImagePrefetcher.m */; };
		C29048371BC6073E00706772 /* UIButton+WebCache.m in Sources */ = {isa = PBXBuildFile; fileRef = C29048201BC6073E00706772 /* UIButton+WebCache.m */; };
		C29048381BC6073E00706772 /* UIImage+GIF.m in Sources */ = {isa = PBXBuildFile; fileRef = C29048221BC6073E00706772 /* UIImage+GIF.m */; };
		C29048391BC6073E00706772 /* UIImage+MultiFormat.m in Sources */ = {isa = PBXBuildFile; fileRef = C29048241BC6073E00706772 /* UIImage+MultiFormat.m */; };
		C290483A1BC6073E00706772 /* UIImage+WebP.m in Sources */ = {isa = PBXBuildFile; fileRef = C29048261BC6073E00706772 /* UIImage+WebP.m */; };
		C290483B1BC6073E00706772 /* UIImageView+HighlightedWebCache.m in Sources */ = {isa = PBXBuildFile; fileRef = C29048281BC6073E00706772 /* UIImageView+HighlightedWebCache.m */; };
		C290483C1BC6073E00706772 /* UIImageView+WebCache.m in Sources */ = {isa = PBXBuildFile; fileRef = C290482A1BC6073E00706772 /* UIImageView+WebCache.m */; };
		C290483D1BC6073E00706772 /* UIView+WebCacheOperation.m in Sources */ = {isa = PBXBuildFile; fileRef = C290482C1BC6073E00706772 /* UIView+WebCacheOperation.m */; };
		C29048421BC6088000706772 /* HomePageController.m in Sources */ = {isa = PBXBuildFile; fileRef = C29048411BC6088000706772 /* HomePageController.m */; };
		C290484C1BC608E600706772 /* BannerCell.m in Sources */ = {isa = PBXBuildFile; fileRef = C29048441BC608E600706772 /* BannerCell.m */; };
		C290484D1BC608E600706772 /* BannerCell.xib in Resources */ = {isa = PBXBuildFile; fileRef = C29048451BC608E600706772 /* BannerCell.xib */; };
		C290484E1BC608E600706772 /* OneSectionCollectionCell.m in Sources */ = {isa = PBXBuildFile; fileRef = C29048471BC608E600706772 /* OneSectionCollectionCell.m */; };
		C290484F1BC608E600706772 /* OneSectionCollectionCell.xib in Resources */ = {isa = PBXBuildFile; fileRef = C29048481BC608E600706772 /* OneSectionCollectionCell.xib */; };
		C29048501BC608E600706772 /* ThreeSectionCell.m in Sources */ = {isa = PBXBuildFile; fileRef = C290484A1BC608E600706772 /* ThreeSectionCell.m */; };
		C29048511BC608E600706772 /* ThreeSectionCell.xib in Resources */ = {isa = PBXBuildFile; fileRef = C290484B1BC608E600706772 /* ThreeSectionCell.xib */; };
		C29048531BC6090900706772 /* LYCBrideSayFirstCell.m in Sources */ = {isa = PBXBuildFile; fileRef = C29048521BC6090900706772 /* LYCBrideSayFirstCell.m */; };
		C29048551BC6091D00706772 /* LYCBrideSaySecondCell.m in Sources */ = {isa = PBXBuildFile; fileRef = C29048541BC6091D00706772 /* LYCBrideSaySecondCell.m */; };
		C29048601BC60AE500706772 /* headerView4HomePage.m in Sources */ = {isa = PBXBuildFile; fileRef = C290485F1BC60AE500706772 /* headerView4HomePage.m */; };
		C2C3CA831BC615C800654CE9 /* LYCBrideSayHeadHelper.m in Sources */ = {isa = PBXBuildFile; fileRef = C2C3CA821BC615C800654CE9 /* LYCBrideSayHeadHelper.m */; };
		C2C3CA861BC6160D00654CE9 /* LYCBrideSayHeadItem.m in Sources */ = {isa = PBXBuildFile; fileRef = C2C3CA851BC6160D00654CE9 /* LYCBrideSayHeadItem.m */; };
		C2C3CA881BC6189500654CE9 /* LYC.png in Resources */ = {isa = PBXBuildFile; fileRef = C2C3CA871BC6189500654CE9 /* LYC.png */; };
		C2F56D911BC4BC7300FB0A9B /* main.m in Sources */ = {isa = PBXBuildFile; fileRef = C2F56D901BC4BC7300FB0A9B /* main.m */; };
		C2F56D961BC4BC7300FB0A9B /* Images.xcassets in Resources */ = {isa = PBXBuildFile; fileRef = C2F56D951BC4BC7300FB0A9B /* Images.xcassets */; };
		C2F56D991BC4BC7300FB0A9B /* LaunchScreen.xib in Resources */ = {isa = PBXBuildFile; fileRef = C2F56D971BC4BC7300FB0A9B /* LaunchScreen.xib */; };
		C2F56DA51BC4BC7300FB0A9B /* WeddingTests.m in Sources */ = {isa = PBXBuildFile; fileRef = C2F56DA41BC4BC7300FB0A9B /* WeddingTests.m */; };
		C2F56DBE1BC4BDD900FB0A9B /* AppDelegate.m in Sources */ = {isa = PBXBuildFile; fileRef = C2F56DB11BC4BDD900FB0A9B /* AppDelegate.m */; };
		C2F56DC11BC4BF6800FB0A9B /* ViewController1.m in Sources */ = {isa = PBXBuildFile; fileRef = C2F56DC01BC4BF6800FB0A9B /* ViewController1.m */; };
		C2F56DC71BC4BF9900FB0A9B /* ViewController3.m in Sources */ = {isa = PBXBuildFile; fileRef = C2F56DC61BC4BF9900FB0A9B /* ViewController3.m */; };
		C2F56DD01BC4BFB900FB0A9B /* ViewController6.m in Sources */ = {isa = PBXBuildFile; fileRef = C2F56DCF1BC4BFB900FB0A9B /* ViewController6.m */; };
		C2F56DDF1BC4C4D900FB0A9B /* RootViewController.m in Sources */ = {isa = PBXBuildFile; fileRef = C2F56DDE1BC4C4D900FB0A9B /* RootViewController.m */; };
		C2F56E1A1BC5360000FB0A9B /* YLTMyCell.m in Sources */ = {isa = PBXBuildFile; fileRef = C2F56E181BC5360000FB0A9B /* YLTMyCell.m */; };
		C2F56E1B1BC5360000FB0A9B /* YLTMyCell.xib in Resources */ = {isa = PBXBuildFile; fileRef = C2F56E191BC5360000FB0A9B /* YLTMyCell.xib */; };
		C2F56E221BC5365900FB0A9B /* YLTMyHeaderView.m in Sources */ = {isa = PBXBuildFile; fileRef = C2F56E201BC5365900FB0A9B /* YLTMyHeaderView.m */; };
		C2F56E231BC5365900FB0A9B /* YLTMyHeaderView.xib in Resources */ = {isa = PBXBuildFile; fileRef = C2F56E211BC5365900FB0A9B /* YLTMyHeaderView.xib */; };
		C2F56E2C1BC536DE00FB0A9B /* YLTMyController.m in Sources */ = {isa = PBXBuildFile; fileRef = C2F56E2B1BC536DE00FB0A9B /* YLTMyController.m */; };
/* End PBXBuildFile section */

/* Begin PBXContainerItemProxy section */
		C2F56D9F1BC4BC7300FB0A9B /* PBXContainerItemProxy */ = {
			isa = PBXContainerItemProxy;
			containerPortal = C2F56D831BC4BC7300FB0A9B /* Project object */;
			proxyType = 1;
			remoteGlobalIDString = C2F56D8A1BC4BC7300FB0A9B;
			remoteInfo = Wedding;
		};
/* End PBXContainerItemProxy section */

/* Begin PBXFileReference section */
		768FCE94DE073BDDEFD607F2 /* Pods.release.xcconfig */ = {isa = PBXFileReference; includeInIndex = 1; lastKnownFileType = text.xcconfig; name = Pods.release.xcconfig; path = "Pods/Target Support Files/Pods/Pods.release.xcconfig"; sourceTree = "<group>"; };
		C20DF7791BC78E0900DA89F6 /* LYCBrideSayThirdCell.h */ = {isa = PBXFileReference; fileEncoding = 4; lastKnownFileType = sourcecode.c.h; path = LYCBrideSayThirdCell.h; sourceTree = "<group>"; };
		C20DF77A1BC78E0900DA89F6 /* LYCBrideSayThirdCell.m */ = {isa = PBXFileReference; fileEncoding = 4; lastKnownFileType = sourcecode.c.objc; path = LYCBrideSayThirdCell.m; sourceTree = "<group>"; };
		C20DF77B1BC78E0900DA89F6 /* LYCBrideSayThirdCell.xib */ = {isa = PBXFileReference; fileEncoding = 4; lastKnownFileType = file.xib; path = LYCBrideSayThirdCell.xib; sourceTree = "<group>"; };
		C20DF77E1BC7928600DA89F6 /* LYCBrideSayThirdCell2.h */ = {isa = PBXFileReference; fileEncoding = 4; lastKnownFileType = sourcecode.c.h; path = LYCBrideSayThirdCell2.h; sourceTree = "<group>"; };
		C20DF77F1BC7928600DA89F6 /* LYCBrideSayThirdCell2.m */ = {isa = PBXFileReference; fileEncoding = 4; lastKnownFileType = sourcecode.c.objc; path = LYCBrideSayThirdCell2.m; sourceTree = "<group>"; };
		C20DF7801BC7928600DA89F6 /* LYCBrideSayThirdCell2.xib */ = {isa = PBXFileReference; fileEncoding = 4; lastKnownFileType = file.xib; path = LYCBrideSayThirdCell2.xib; sourceTree = "<group>"; };
		C23F3A371BC7F5AD0024D2E0 /* LYCBrideSayHeadDetailControllerViewController.h */ = {isa = PBXFileReference; fileEncoding = 4; lastKnownFileType = sourcecode.c.h; path = LYCBrideSayHeadDetailControllerViewController.h; sourceTree = "<group>"; };
		C23F3A381BC7F5AD0024D2E0 /* LYCBrideSayHeadDetailControllerViewController.m */ = {isa = PBXFileReference; fileEncoding = 4; lastKnownFileType = sourcecode.c.objc; path = LYCBrideSayHeadDetailControllerViewController.m; sourceTree = "<group>"; };
		C29047DE1BC606E100706772 /* LYCBrideSayFirstCell.h */ = {isa = PBXFileReference; fileEncoding = 4; lastKnownFileType = sourcecode.c.h; path = LYCBrideSayFirstCell.h; sourceTree = "<group>"; };
		C29047E01BC606E100706772 /* LYCBrideSayFirstCell.xib */ = {isa = PBXFileReference; fileEncoding = 4; lastKnownFileType = file.xib; path = LYCBrideSayFirstCell.xib; sourceTree = "<group>"; };
		C29047E31BC606E100706772 /* LYCBrideSaySecondCell.xib */ = {isa = PBXFileReference; fileEncoding = 4; lastKnownFileType = file.xib; path = LYCBrideSaySecondCell.xib; sourceTree = "<group>"; };
		C29047F41BC606F300706772 /* Model4HomePage.h */ = {isa = PBXFileReference; fileEncoding = 4; lastKnownFileType = sourcecode.c.h; path = Model4HomePage.h; sourceTree = "<group>"; };
		C29047F51BC606F300706772 /* Model4HomePage.m */ = {isa = PBXFileReference; fileEncoding = 4; lastKnownFileType = sourcecode.c.objc; path = Model4HomePage.m; sourceTree = "<group>"; };
		C29047F61BC606F300706772 /* SHwanModle.h */ = {isa = PBXFileReference; fileEncoding = 4; lastKnownFileType = sourcecode.c.h; path = SHwanModle.h; sourceTree = "<group>"; };
		C29047F71BC606F300706772 /* SHwanModle.m */ = {isa = PBXFileReference; fileEncoding = 4; lastKnownFileType = sourcecode.c.objc; path = SHwanModle.m; sourceTree = "<group>"; };
		C29048021BC6072100706772 /* LYCBrideSayController.h */ = {isa = PBXFileReference; fileEncoding = 4; lastKnownFileType = sourcecode.c.h; path = LYCBrideSayController.h; sourceTree = "<group>"; };
		C29048031BC6072100706772 /* LYCBrideSayController.m */ = {isa = PBXFileReference; fileEncoding = 4; lastKnownFileType = sourcecode.c.objc; path = LYCBrideSayController.m; sourceTree = "<group>"; };
		C29048041BC6072100706772 /* ShwanClassificationController.h */ = {isa = PBXFileReference; fileEncoding = 4; lastKnownFileType = sourcecode.c.h; path = ShwanClassificationController.h; sourceTree = "<group>"; };
		C29048051BC6072100706772 /* ShwanClassificationController.m */ = {isa = PBXFileReference; fileEncoding = 4; lastKnownFileType = sourcecode.c.objc; path = ShwanClassificationController.m; sourceTree = "<group>"; };
		C29048091BC6073E00706772 /* CarouselFingure.h */ = {isa = PBXFileReference; fileEncoding = 4; lastKnownFileType = sourcecode.c.h; path = CarouselFingure.h; sourceTree = "<group>"; };
		C290480A1BC6073E00706772 /* CarouselFingure.m */ = {isa = PBXFileReference; fileEncoding = 4; lastKnownFileType = sourcecode.c.objc; path = CarouselFingure.m; sourceTree = "<group>"; };
		C290480C1BC6073E00706772 /* MKAnnotationView+WebCache.h */ = {isa = PBXFileReference; fileEncoding = 4; lastKnownFileType = sourcecode.c.h; path = "MKAnnotationView+WebCache.h"; sourceTree = "<group>"; };
		C290480D1BC6073E00706772 /* MKAnnotationView+WebCache.m */ = {isa = PBXFileReference; fileEncoding = 4; lastKnownFileType = sourcecode.c.objc; path = "MKAnnotationView+WebCache.m"; sourceTree = "<group>"; };
		C290480E1BC6073E00706772 /* NSData+ImageContentType.h */ = {isa = PBXFileReference; fileEncoding = 4; lastKnownFileType = sourcecode.c.h; path = "NSData+ImageContentType.h"; sourceTree = "<group>"; };
		C290480F1BC6073E00706772 /* NSData+ImageContentType.m */ = {isa = PBXFileReference; fileEncoding = 4; lastKnownFileType = sourcecode.c.objc; path = "NSData+ImageContentType.m"; sourceTree = "<group>"; };
		C29048101BC6073E00706772 /* SDImageCache.h */ = {isa = PBXFileReference; fileEncoding = 4; lastKnownFileType = sourcecode.c.h; path = SDImageCache.h; sourceTree = "<group>"; };
		C29048111BC6073E00706772 /* SDImageCache.m */ = {isa = PBXFileReference; fileEncoding = 4; lastKnownFileType = sourcecode.c.objc; path = SDImageCache.m; sourceTree = "<group>"; };
		C29048121BC6073E00706772 /* SDWebImageCompat.h */ = {isa = PBXFileReference; fileEncoding = 4; lastKnownFileType = sourcecode.c.h; path = SDWebImageCompat.h; sourceTree = "<group>"; };
		C29048131BC6073E00706772 /* SDWebImageCompat.m */ = {isa = PBXFileReference; fileEncoding = 4; lastKnownFileType = sourcecode.c.objc; path = SDWebImageCompat.m; sourceTree = "<group>"; };
		C29048141BC6073E00706772 /* SDWebImageDecoder.h */ = {isa = PBXFileReference; fileEncoding = 4; lastKnownFileType = sourcecode.c.h; path = SDWebImageDecoder.h; sourceTree = "<group>"; };
		C29048151BC6073E00706772 /* SDWebImageDecoder.m */ = {isa = PBXFileReference; fileEncoding = 4; lastKnownFileType = sourcecode.c.objc; path = SDWebImageDecoder.m; sourceTree = "<group>"; };
		C29048161BC6073E00706772 /* SDWebImageDownloader.h */ = {isa = PBXFileReference; fileEncoding = 4; lastKnownFileType = sourcecode.c.h; path = SDWebImageDownloader.h; sourceTree = "<group>"; };
		C29048171BC6073E00706772 /* SDWebImageDownloader.m */ = {isa = PBXFileReference; fileEncoding = 4; lastKnownFileType = sourcecode.c.objc; path = SDWebImageDownloader.m; sourceTree = "<group>"; };
		C29048181BC6073E00706772 /* SDWebImageDownloaderOperation.h */ = {isa = PBXFileReference; fileEncoding = 4; lastKnownFileType = sourcecode.c.h; path = SDWebImageDownloaderOperation.h; sourceTree = "<group>"; };
		C29048191BC6073E00706772 /* SDWebImageDownloaderOperation.m */ = {isa = PBXFileReference; fileEncoding = 4; lastKnownFileType = sourcecode.c.objc; path = SDWebImageDownloaderOperation.m; sourceTree = "<group>"; };
		C290481A1BC6073E00706772 /* SDWebImageManager.h */ = {isa = PBXFileReference; fileEncoding = 4; lastKnownFileType = sourcecode.c.h; path = SDWebImageManager.h; sourceTree = "<group>"; };
		C290481B1BC6073E00706772 /* SDWebImageManager.m */ = {isa = PBXFileReference; fileEncoding = 4; lastKnownFileType = sourcecode.c.objc; path = SDWebImageManager.m; sourceTree = "<group>"; };
		C290481C1BC6073E00706772 /* SDWebImageOperation.h */ = {isa = PBXFileReference; fileEncoding = 4; lastKnownFileType = sourcecode.c.h; path = SDWebImageOperation.h; sourceTree = "<group>"; };
		C290481D1BC6073E00706772 /* SDWebImagePrefetcher.h */ = {isa = PBXFileReference; fileEncoding = 4; lastKnownFileType = sourcecode.c.h; path = SDWebImagePrefetcher.h; sourceTree = "<group>"; };
		C290481E1BC6073E00706772 /* SDWebImagePrefetcher.m */ = {isa = PBXFileReference; fileEncoding = 4; lastKnownFileType = sourcecode.c.objc; path = SDWebImagePrefetcher.m; sourceTree = "<group>"; };
		C290481F1BC6073E00706772 /* UIButton+WebCache.h */ = {isa = PBXFileReference; fileEncoding = 4; lastKnownFileType = sourcecode.c.h; path = "UIButton+WebCache.h"; sourceTree = "<group>"; };
		C29048201BC6073E00706772 /* UIButton+WebCache.m */ = {isa = PBXFileReference; fileEncoding = 4; lastKnownFileType = sourcecode.c.objc; path = "UIButton+WebCache.m"; sourceTree = "<group>"; };
		C29048211BC6073E00706772 /* UIImage+GIF.h */ = {isa = PBXFileReference; fileEncoding = 4; lastKnownFileType = sourcecode.c.h; path = "UIImage+GIF.h"; sourceTree = "<group>"; };
		C29048221BC6073E00706772 /* UIImage+GIF.m */ = {isa = PBXFileReference; fileEncoding = 4; lastKnownFileType = sourcecode.c.objc; path = "UIImage+GIF.m"; sourceTree = "<group>"; };
		C29048231BC6073E00706772 /* UIImage+MultiFormat.h */ = {isa = PBXFileReference; fileEncoding = 4; lastKnownFileType = sourcecode.c.h; path = "UIImage+MultiFormat.h"; sourceTree = "<group>"; };
		C29048241BC6073E00706772 /* UIImage+MultiFormat.m */ = {isa = PBXFileReference; fileEncoding = 4; lastKnownFileType = sourcecode.c.objc; path = "UIImage+MultiFormat.m"; sourceTree = "<group>"; };
		C29048251BC6073E00706772 /* UIImage+WebP.h */ = {isa = PBXFileReference; fileEncoding = 4; lastKnownFileType = sourcecode.c.h; path = "UIImage+WebP.h"; sourceTree = "<group>"; };
		C29048261BC6073E00706772 /* UIImage+WebP.m */ = {isa = PBXFileReference; fileEncoding = 4; lastKnownFileType = sourcecode.c.objc; path = "UIImage+WebP.m"; sourceTree = "<group>"; };
		C29048271BC6073E00706772 /* UIImageView+HighlightedWebCache.h */ = {isa = PBXFileReference; fileEncoding = 4; lastKnownFileType = sourcecode.c.h; path = "UIImageView+HighlightedWebCache.h"; sourceTree = "<group>"; };
		C29048281BC6073E00706772 /* UIImageView+HighlightedWebCache.m */ = {isa = PBXFileReference; fileEncoding = 4; lastKnownFileType = sourcecode.c.objc; path = "UIImageView+HighlightedWebCache.m"; sourceTree = "<group>"; };
		C29048291BC6073E00706772 /* UIImageView+WebCache.h */ = {isa = PBXFileReference; fileEncoding = 4; lastKnownFileType = sourcecode.c.h; path = "UIImageView+WebCache.h"; sourceTree = "<group>"; };
		C290482A1BC6073E00706772 /* UIImageView+WebCache.m */ = {isa = PBXFileReference; fileEncoding = 4; lastKnownFileType = sourcecode.c.objc; path = "UIImageView+WebCache.m"; sourceTree = "<group>"; };
		C290482B1BC6073E00706772 /* UIView+WebCacheOperation.h */ = {isa = PBXFileReference; fileEncoding = 4; lastKnownFileType = sourcecode.c.h; path = "UIView+WebCacheOperation.h"; sourceTree = "<group>"; };
		C290482C1BC6073E00706772 /* UIView+WebCacheOperation.m */ = {isa = PBXFileReference; fileEncoding = 4; lastKnownFileType = sourcecode.c.objc; path = "UIView+WebCacheOperation.m"; sourceTree = "<group>"; };
		C29048401BC6088000706772 /* HomePageController.h */ = {isa = PBXFileReference; fileEncoding = 4; lastKnownFileType = sourcecode.c.h; path = HomePageController.h; sourceTree = "<group>"; };
		C29048411BC6088000706772 /* HomePageController.m */ = {isa = PBXFileReference; fileEncoding = 4; lastKnownFileType = sourcecode.c.objc; path = HomePageController.m; sourceTree = "<group>"; };
		C29048431BC608E600706772 /* BannerCell.h */ = {isa = PBXFileReference; fileEncoding = 4; lastKnownFileType = sourcecode.c.h; path = BannerCell.h; sourceTree = "<group>"; };
		C29048441BC608E600706772 /* BannerCell.m */ = {isa = PBXFileReference; fileEncoding = 4; lastKnownFileType = sourcecode.c.objc; path = BannerCell.m; sourceTree = "<group>"; };
		C29048451BC608E600706772 /* BannerCell.xib */ = {isa = PBXFileReference; fileEncoding = 4; lastKnownFileType = file.xib; path = BannerCell.xib; sourceTree = "<group>"; };
		C29048461BC608E600706772 /* OneSectionCollectionCell.h */ = {isa = PBXFileReference; fileEncoding = 4; lastKnownFileType = sourcecode.c.h; path = OneSectionCollectionCell.h; sourceTree = "<group>"; };
		C29048471BC608E600706772 /* OneSectionCollectionCell.m */ = {isa = PBXFileReference; fileEncoding = 4; lastKnownFileType = sourcecode.c.objc; path = OneSectionCollectionCell.m; sourceTree = "<group>"; };
		C29048481BC608E600706772 /* OneSectionCollectionCell.xib */ = {isa = PBXFileReference; fileEncoding = 4; lastKnownFileType = file.xib; path = OneSectionCollectionCell.xib; sourceTree = "<group>"; };
		C29048491BC608E600706772 /* ThreeSectionCell.h */ = {isa = PBXFileReference; fileEncoding = 4; lastKnownFileType = sourcecode.c.h; path = ThreeSectionCell.h; sourceTree = "<group>"; };
		C290484A1BC608E600706772 /* ThreeSectionCell.m */ = {isa = PBXFileReference; fileEncoding = 4; lastKnownFileType = sourcecode.c.objc; path = ThreeSectionCell.m; sourceTree = "<group>"; };
		C290484B1BC608E600706772 /* ThreeSectionCell.xib */ = {isa = PBXFileReference; fileEncoding = 4; lastKnownFileType = file.xib; path = ThreeSectionCell.xib; sourceTree = "<group>"; };
		C29048521BC6090900706772 /* LYCBrideSayFirstCell.m */ = {isa = PBXFileReference; fileEncoding = 4; lastKnownFileType = sourcecode.c.objc; path = LYCBrideSayFirstCell.m; sourceTree = "<group>"; };
		C29048541BC6091D00706772 /* LYCBrideSaySecondCell.m */ = {isa = PBXFileReference; fileEncoding = 4; lastKnownFileType = sourcecode.c.objc; path = LYCBrideSaySecondCell.m; sourceTree = "<group>"; };
		C29048561BC6092A00706772 /* LYCBrideSaySecondCell.h */ = {isa = PBXFileReference; fileEncoding = 4; lastKnownFileType = sourcecode.c.h; path = LYCBrideSaySecondCell.h; sourceTree = "<group>"; };
		C290485E1BC60AE500706772 /* headerView4HomePage.h */ = {isa = PBXFileReference; fileEncoding = 4; lastKnownFileType = sourcecode.c.h; path = headerView4HomePage.h; sourceTree = "<group>"; };
		C290485F1BC60AE500706772 /* headerView4HomePage.m */ = {isa = PBXFileReference; fileEncoding = 4; lastKnownFileType = sourcecode.c.objc; path = headerView4HomePage.m; sourceTree = "<group>"; };
		C2C3CA811BC615C800654CE9 /* LYCBrideSayHeadHelper.h */ = {isa = PBXFileReference; fileEncoding = 4; lastKnownFileType = sourcecode.c.h; path = LYCBrideSayHeadHelper.h; sourceTree = "<group>"; };
		C2C3CA821BC615C800654CE9 /* LYCBrideSayHeadHelper.m */ = {isa = PBXFileReference; fileEncoding = 4; lastKnownFileType = sourcecode.c.objc; path = LYCBrideSayHeadHelper.m; sourceTree = "<group>"; };
		C2C3CA841BC6160D00654CE9 /* LYCBrideSayHeadItem.h */ = {isa = PBXFileReference; fileEncoding = 4; lastKnownFileType = sourcecode.c.h; path = LYCBrideSayHeadItem.h; sourceTree = "<group>"; };
		C2C3CA851BC6160D00654CE9 /* LYCBrideSayHeadItem.m */ = {isa = PBXFileReference; fileEncoding = 4; lastKnownFileType = sourcecode.c.objc; path = LYCBrideSayHeadItem.m; sourceTree = "<group>"; };
		C2C3CA871BC6189500654CE9 /* LYC.png */ = {isa = PBXFileReference; lastKnownFileType = image.png; path = LYC.png; sourceTree = "<group>"; };
		C2F56D8B1BC4BC7300FB0A9B /* Wedding.app */ = {isa = PBXFileReference; explicitFileType = wrapper.application; includeInIndex = 0; path = Wedding.app; sourceTree = BUILT_PRODUCTS_DIR; };
		C2F56D8F1BC4BC7300FB0A9B /* Info.plist */ = {isa = PBXFileReference; lastKnownFileType = text.plist.xml; path = Info.plist; sourceTree = "<group>"; };
		C2F56D901BC4BC7300FB0A9B /* main.m */ = {isa = PBXFileReference; lastKnownFileType = sourcecode.c.objc; path = main.m; sourceTree = "<group>"; };
		C2F56D951BC4BC7300FB0A9B /* Images.xcassets */ = {isa = PBXFileReference; lastKnownFileType = folder.assetcatalog; path = Images.xcassets; sourceTree = "<group>"; };
		C2F56D981BC4BC7300FB0A9B /* Base */ = {isa = PBXFileReference; lastKnownFileType = file.xib; name = Base; path = Base.lproj/LaunchScreen.xib; sourceTree = "<group>"; };
		C2F56D9E1BC4BC7300FB0A9B /* WeddingTests.xctest */ = {isa = PBXFileReference; explicitFileType = wrapper.cfbundle; includeInIndex = 0; path = WeddingTests.xctest; sourceTree = BUILT_PRODUCTS_DIR; };
		C2F56DA31BC4BC7300FB0A9B /* Info.plist */ = {isa = PBXFileReference; lastKnownFileType = text.plist.xml; path = Info.plist; sourceTree = "<group>"; };
		C2F56DA41BC4BC7300FB0A9B /* WeddingTests.m */ = {isa = PBXFileReference; lastKnownFileType = sourcecode.c.objc; path = WeddingTests.m; sourceTree = "<group>"; };
		C2F56DB01BC4BDD900FB0A9B /* AppDelegate.h */ = {isa = PBXFileReference; fileEncoding = 4; lastKnownFileType = sourcecode.c.h; path = AppDelegate.h; sourceTree = "<group>"; };
		C2F56DB11BC4BDD900FB0A9B /* AppDelegate.m */ = {isa = PBXFileReference; fileEncoding = 4; lastKnownFileType = sourcecode.c.objc; path = AppDelegate.m; sourceTree = "<group>"; };
		C2F56DBF1BC4BF6800FB0A9B /* ViewController1.h */ = {isa = PBXFileReference; fileEncoding = 4; lastKnownFileType = sourcecode.c.h; path = ViewController1.h; sourceTree = "<group>"; };
		C2F56DC01BC4BF6800FB0A9B /* ViewController1.m */ = {isa = PBXFileReference; fileEncoding = 4; lastKnownFileType = sourcecode.c.objc; path = ViewController1.m; sourceTree = "<group>"; };
		C2F56DC51BC4BF9900FB0A9B /* ViewController3.h */ = {isa = PBXFileReference; fileEncoding = 4; lastKnownFileType = sourcecode.c.h; path = ViewController3.h; sourceTree = "<group>"; };
		C2F56DC61BC4BF9900FB0A9B /* ViewController3.m */ = {isa = PBXFileReference; fileEncoding = 4; lastKnownFileType = sourcecode.c.objc; path = ViewController3.m; sourceTree = "<group>"; };
		C2F56DCE1BC4BFB900FB0A9B /* ViewController6.h */ = {isa = PBXFileReference; fileEncoding = 4; lastKnownFileType = sourcecode.c.h; path = ViewController6.h; sourceTree = "<group>"; };
		C2F56DCF1BC4BFB900FB0A9B /* ViewController6.m */ = {isa = PBXFileReference; fileEncoding = 4; lastKnownFileType = sourcecode.c.objc; path = ViewController6.m; sourceTree = "<group>"; };
		C2F56DDD1BC4C4D900FB0A9B /* RootViewController.h */ = {isa = PBXFileReference; fileEncoding = 4; lastKnownFileType = sourcecode.c.h; path = RootViewController.h; sourceTree = "<group>"; };
		C2F56DDE1BC4C4D900FB0A9B /* RootViewController.m */ = {isa = PBXFileReference; fileEncoding = 4; lastKnownFileType = sourcecode.c.objc; path = RootViewController.m; sourceTree = "<group>"; };
		C2F56DE01BC4CB3E00FB0A9B /* URLs.h */ = {isa = PBXFileReference; lastKnownFileType = sourcecode.c.h; path = URLs.h; sourceTree = "<group>"; };
		C2F56DE11BC4CBB700FB0A9B /* CenturyWedding.pch */ = {isa = PBXFileReference; lastKnownFileType = sourcecode.c.h; path = CenturyWedding.pch; sourceTree = "<group>"; };
		C2F56E171BC5360000FB0A9B /* YLTMyCell.h */ = {isa = PBXFileReference; fileEncoding = 4; lastKnownFileType = sourcecode.c.h; path = YLTMyCell.h; sourceTree = "<group>"; };
		C2F56E181BC5360000FB0A9B /* YLTMyCell.m */ = {isa = PBXFileReference; fileEncoding = 4; lastKnownFileType = sourcecode.c.objc; path = YLTMyCell.m; sourceTree = "<group>"; };
		C2F56E191BC5360000FB0A9B /* YLTMyCell.xib */ = {isa = PBXFileReference; fileEncoding = 4; lastKnownFileType = file.xib; path = YLTMyCell.xib; sourceTree = "<group>"; };
		C2F56E1F1BC5365900FB0A9B /* YLTMyHeaderView.h */ = {isa = PBXFileReference; fileEncoding = 4; lastKnownFileType = sourcecode.c.h; path = YLTMyHeaderView.h; sourceTree = "<group>"; };
		C2F56E201BC5365900FB0A9B /* YLTMyHeaderView.m */ = {isa = PBXFileReference; fileEncoding = 4; lastKnownFileType = sourcecode.c.objc; path = YLTMyHeaderView.m; sourceTree = "<group>"; };
		C2F56E211BC5365900FB0A9B /* YLTMyHeaderView.xib */ = {isa = PBXFileReference; fileEncoding = 4; lastKnownFileType = file.xib; path = YLTMyHeaderView.xib; sourceTree = "<group>"; };
		C2F56E2A1BC536DE00FB0A9B /* YLTMyController.h */ = {isa = PBXFileReference; fileEncoding = 4; lastKnownFileType = sourcecode.c.h; path = YLTMyController.h; sourceTree = "<group>"; };
		C2F56E2B1BC536DE00FB0A9B /* YLTMyController.m */ = {isa = PBXFileReference; fileEncoding = 4; lastKnownFileType = sourcecode.c.objc; path = YLTMyController.m; sourceTree = "<group>"; };
		D5FCFDA029E7A565241DF361 /* libPods.a */ = {isa = PBXFileReference; explicitFileType = archive.ar; includeInIndex = 0; path = libPods.a; sourceTree = BUILT_PRODUCTS_DIR; };
		DD207AD06B0D84923964B00B /* Pods.debug.xcconfig */ = {isa = PBXFileReference; includeInIndex = 1; lastKnownFileType = text.xcconfig; name = Pods.debug.xcconfig; path = "Pods/Target Support Files/Pods/Pods.debug.xcconfig"; sourceTree = "<group>"; };
/* End PBXFileReference section */

/* Begin PBXFrameworksBuildPhase section */
		C2F56D881BC4BC7300FB0A9B /* Frameworks */ = {
			isa = PBXFrameworksBuildPhase;
			buildActionMask = 2147483647;
			files = (
				2329845FFAB6D210F012D62E /* libPods.a in Frameworks */,
			);
			runOnlyForDeploymentPostprocessing = 0;
		};
		C2F56D9B1BC4BC7300FB0A9B /* Frameworks */ = {
			isa = PBXFrameworksBuildPhase;
			buildActionMask = 2147483647;
			files = (
			);
			runOnlyForDeploymentPostprocessing = 0;
		};
/* End PBXFrameworksBuildPhase section */

/* Begin PBXGroup section */
		877DA85D7F622C3E5C63787C /* Pods */ = {
			isa = PBXGroup;
			children = (
				DD207AD06B0D84923964B00B /* Pods.debug.xcconfig */,
				768FCE94DE073BDDEFD607F2 /* Pods.release.xcconfig */,
			);
			name = Pods;
			sourceTree = "<group>";
		};
		8DBE49851C5E7AA398E79576 /* Frameworks */ = {
			isa = PBXGroup;
			children = (
				D5FCFDA029E7A565241DF361 /* libPods.a */,
			);
			name = Frameworks;
			sourceTree = "<group>";
		};
		C290480B1BC6073E00706772 /* SDWebImage */ = {
			isa = PBXGroup;
			children = (
				C290480C1BC6073E00706772 /* MKAnnotationView+WebCache.h */,
				C290480D1BC6073E00706772 /* MKAnnotationView+WebCache.m */,
				C290480E1BC6073E00706772 /* NSData+ImageContentType.h */,
				C290480F1BC6073E00706772 /* NSData+ImageContentType.m */,
				C29048101BC6073E00706772 /* SDImageCache.h */,
				C29048111BC6073E00706772 /* SDImageCache.m */,
				C29048121BC6073E00706772 /* SDWebImageCompat.h */,
				C29048131BC6073E00706772 /* SDWebImageCompat.m */,
				C29048141BC6073E00706772 /* SDWebImageDecoder.h */,
				C29048151BC6073E00706772 /* SDWebImageDecoder.m */,
				C29048161BC6073E00706772 /* SDWebImageDownloader.h */,
				C29048171BC6073E00706772 /* SDWebImageDownloader.m */,
				C29048181BC6073E00706772 /* SDWebImageDownloaderOperation.h */,
				C29048191BC6073E00706772 /* SDWebImageDownloaderOperation.m */,
				C290481A1BC6073E00706772 /* SDWebImageManager.h */,
				C290481B1BC6073E00706772 /* SDWebImageManager.m */,
				C290481C1BC6073E00706772 /* SDWebImageOperation.h */,
				C290481D1BC6073E00706772 /* SDWebImagePrefetcher.h */,
				C290481E1BC6073E00706772 /* SDWebImagePrefetcher.m */,
				C290481F1BC6073E00706772 /* UIButton+WebCache.h */,
				C29048201BC6073E00706772 /* UIButton+WebCache.m */,
				C29048211BC6073E00706772 /* UIImage+GIF.h */,
				C29048221BC6073E00706772 /* UIImage+GIF.m */,
				C29048231BC6073E00706772 /* UIImage+MultiFormat.h */,
				C29048241BC6073E00706772 /* UIImage+MultiFormat.m */,
				C29048251BC6073E00706772 /* UIImage+WebP.h */,
				C29048261BC6073E00706772 /* UIImage+WebP.m */,
				C29048271BC6073E00706772 /* UIImageView+HighlightedWebCache.h */,
				C29048281BC6073E00706772 /* UIImageView+HighlightedWebCache.m */,
				C29048291BC6073E00706772 /* UIImageView+WebCache.h */,
				C290482A1BC6073E00706772 /* UIImageView+WebCache.m */,
				C290482B1BC6073E00706772 /* UIView+WebCacheOperation.h */,
				C290482C1BC6073E00706772 /* UIView+WebCacheOperation.m */,
			);
			path = SDWebImage;
			sourceTree = "<group>";
		};
		C2F56D821BC4BC7300FB0A9B = {
			isa = PBXGroup;
			children = (
				C2F56D8D1BC4BC7300FB0A9B /* Wedding */,
				C2F56DA11BC4BC7300FB0A9B /* WeddingTests */,
				C2F56D8C1BC4BC7300FB0A9B /* Products */,
				877DA85D7F622C3E5C63787C /* Pods */,
				8DBE49851C5E7AA398E79576 /* Frameworks */,
			);
			sourceTree = "<group>";
		};
		C2F56D8C1BC4BC7300FB0A9B /* Products */ = {
			isa = PBXGroup;
			children = (
				C2F56D8B1BC4BC7300FB0A9B /* Wedding.app */,
				C2F56D9E1BC4BC7300FB0A9B /* WeddingTests.xctest */,
			);
			name = Products;
			sourceTree = "<group>";
		};
		C2F56D8D1BC4BC7300FB0A9B /* Wedding */ = {
			isa = PBXGroup;
			children = (
				C2F56DAE1BC4BDD900FB0A9B /* Classes */,
				C2F56D951BC4BC7300FB0A9B /* Images.xcassets */,
				C2F56D971BC4BC7300FB0A9B /* LaunchScreen.xib */,
				C2F56D8E1BC4BC7300FB0A9B /* Supporting Files */,
			);
			path = Wedding;
			sourceTree = "<group>";
		};
		C2F56D8E1BC4BC7300FB0A9B /* Supporting Files */ = {
			isa = PBXGroup;
			children = (
				C2F56D8F1BC4BC7300FB0A9B /* Info.plist */,
				C2F56D901BC4BC7300FB0A9B /* main.m */,
				C2F56DE11BC4CBB700FB0A9B /* CenturyWedding.pch */,
			);
			name = "Supporting Files";
			sourceTree = "<group>";
		};
		C2F56DA11BC4BC7300FB0A9B /* WeddingTests */ = {
			isa = PBXGroup;
			children = (
				C2F56DA41BC4BC7300FB0A9B /* WeddingTests.m */,
				C2F56DA21BC4BC7300FB0A9B /* Supporting Files */,
			);
			path = WeddingTests;
			sourceTree = "<group>";
		};
		C2F56DA21BC4BC7300FB0A9B /* Supporting Files */ = {
			isa = PBXGroup;
			children = (
				C2F56DA31BC4BC7300FB0A9B /* Info.plist */,
			);
			name = "Supporting Files";
			sourceTree = "<group>";
		};
		C2F56DAE1BC4BDD900FB0A9B /* Classes */ = {
			isa = PBXGroup;
			children = (
				C2F56DAF1BC4BDD900FB0A9B /* AppDelegate */,
				C2F56DB21BC4BDD900FB0A9B /* General */,
				C2F56DB61BC4BDD900FB0A9B /* Helpers */,
				C2F56DB71BC4BDD900FB0A9B /* Macro */,
				C2F56DB81BC4BDD900FB0A9B /* Model */,
				C2F56DB91BC4BDD900FB0A9B /* Resources */,
				C2F56DBA1BC4BDD900FB0A9B /* Sences */,
				C2F56DBD1BC4BDD900FB0A9B /* Vendors */,
			);
			path = Classes;
			sourceTree = "<group>";
		};
		C2F56DAF1BC4BDD900FB0A9B /* AppDelegate */ = {
			isa = PBXGroup;
			children = (
				C2F56DB01BC4BDD900FB0A9B /* AppDelegate.h */,
				C2F56DB11BC4BDD900FB0A9B /* AppDelegate.m */,
				C2F56DDD1BC4C4D900FB0A9B /* RootViewController.h */,
				C2F56DDE1BC4C4D900FB0A9B /* RootViewController.m */,
			);
			path = AppDelegate;
			sourceTree = "<group>";
		};
		C2F56DB21BC4BDD900FB0A9B /* General */ = {
			isa = PBXGroup;
			children = (
				C2F56DB31BC4BDD900FB0A9B /* Categories */,
				C2F56DB41BC4BDD900FB0A9B /* View */,
			);
			path = General;
			sourceTree = "<group>";
		};
		C2F56DB31BC4BDD900FB0A9B /* Categories */ = {
			isa = PBXGroup;
			children = (
				C2F56DBF1BC4BF6800FB0A9B /* ViewController1.h */,
				C2F56DC01BC4BF6800FB0A9B /* ViewController1.m */,
			);
			path = Categories;
			sourceTree = "<group>";
		};
		C2F56DB41BC4BDD900FB0A9B /* View */ = {
			isa = PBXGroup;
			children = (
				C2F56DB51BC4BDD900FB0A9B /* Cells */,
			);
			path = View;
			sourceTree = "<group>";
		};
		C2F56DB51BC4BDD900FB0A9B /* Cells */ = {
			isa = PBXGroup;
			children = (
				C29048431BC608E600706772 /* BannerCell.h */,
				C29048441BC608E600706772 /* BannerCell.m */,
				C29048451BC608E600706772 /* BannerCell.xib */,
				C29048461BC608E600706772 /* OneSectionCollectionCell.h */,
				C29048471BC608E600706772 /* OneSectionCollectionCell.m */,
				C29048481BC608E600706772 /* OneSectionCollectionCell.xib */,
				C29048491BC608E600706772 /* ThreeSectionCell.h */,
				C290484A1BC608E600706772 /* ThreeSectionCell.m */,
				C290484B1BC608E600706772 /* ThreeSectionCell.xib */,
				C29047DE1BC606E100706772 /* LYCBrideSayFirstCell.h */,
				C29048521BC6090900706772 /* LYCBrideSayFirstCell.m */,
				C29047E01BC606E100706772 /* LYCBrideSayFirstCell.xib */,
				C29048561BC6092A00706772 /* LYCBrideSaySecondCell.h */,
				C29048541BC6091D00706772 /* LYCBrideSaySecondCell.m */,
				C29047E31BC606E100706772 /* LYCBrideSaySecondCell.xib */,
				C20DF7791BC78E0900DA89F6 /* LYCBrideSayThirdCell.h */,
				C20DF77A1BC78E0900DA89F6 /* LYCBrideSayThirdCell.m */,
				C20DF77B1BC78E0900DA89F6 /* LYCBrideSayThirdCell.xib */,
				C20DF77E1BC7928600DA89F6 /* LYCBrideSayThirdCell2.h */,
				C20DF77F1BC7928600DA89F6 /* LYCBrideSayThirdCell2.m */,
				C20DF7801BC7928600DA89F6 /* LYCBrideSayThirdCell2.xib */,
				C2F56E171BC5360000FB0A9B /* YLTMyCell.h */,
				C2F56E181BC5360000FB0A9B /* YLTMyCell.m */,
				C2F56E191BC5360000FB0A9B /* YLTMyCell.xib */,
				C2F56E1F1BC5365900FB0A9B /* YLTMyHeaderView.h */,
				C2F56E201BC5365900FB0A9B /* YLTMyHeaderView.m */,
				C2F56E211BC5365900FB0A9B /* YLTMyHeaderView.xib */,
			);
			path = Cells;
			sourceTree = "<group>";
		};
		C2F56DB61BC4BDD900FB0A9B /* Helpers */ = {
			isa = PBXGroup;
			children = (
				C2F56DC51BC4BF9900FB0A9B /* ViewController3.h */,
				C2F56DC61BC4BF9900FB0A9B /* ViewController3.m */,
				C2C3CA811BC615C800654CE9 /* LYCBrideSayHeadHelper.h */,
				C2C3CA821BC615C800654CE9 /* LYCBrideSayHeadHelper.m */,
			);
			path = Helpers;
			sourceTree = "<group>";
		};
		C2F56DB71BC4BDD900FB0A9B /* Macro */ = {
			isa = PBXGroup;
			children = (
				C2F56DE01BC4CB3E00FB0A9B /* URLs.h */,
			);
			path = Macro;
			sourceTree = "<group>";
		};
		C2F56DB81BC4BDD900FB0A9B /* Model */ = {
			isa = PBXGroup;
			children = (
				C29047F41BC606F300706772 /* Model4HomePage.h */,
				C29047F51BC606F300706772 /* Model4HomePage.m */,
				C29047F61BC606F300706772 /* SHwanModle.h */,
				C29047F71BC606F300706772 /* SHwanModle.m */,
				C2C3CA841BC6160D00654CE9 /* LYCBrideSayHeadItem.h */,
				C2C3CA851BC6160D00654CE9 /* LYCBrideSayHeadItem.m */,
			);
			path = Model;
			sourceTree = "<group>";
		};
		C2F56DB91BC4BDD900FB0A9B /* Resources */ = {
			isa = PBXGroup;
			children = (
				C2F56DCE1BC4BFB900FB0A9B /* ViewController6.h */,
				C2F56DCF1BC4BFB900FB0A9B /* ViewController6.m */,
			);
			path = Resources;
			sourceTree = "<group>";
		};
		C2F56DBA1BC4BDD900FB0A9B /* Sences */ = {
			isa = PBXGroup;
			children = (
				C2F56DBB1BC4BDD900FB0A9B /* View */,
				C2F56DBC1BC4BDD900FB0A9B /* ViewController */,
			);
			path = Sences;
			sourceTree = "<group>";
		};
		C2F56DBB1BC4BDD900FB0A9B /* View */ = {
			isa = PBXGroup;
			children = (
				C290485E1BC60AE500706772 /* headerView4HomePage.h */,
				C290485F1BC60AE500706772 /* headerView4HomePage.m */,
			);
			path = View;
			sourceTree = "<group>";
		};
		C2F56DBC1BC4BDD900FB0A9B /* ViewController */ = {
			isa = PBXGroup;
			children = (
				C29048401BC6088000706772 /* HomePageController.h */,
				C29048411BC6088000706772 /* HomePageController.m */,
				C29048021BC6072100706772 /* LYCBrideSayController.h */,
				C29048031BC6072100706772 /* LYCBrideSayController.m */,
				C2C3CA871BC6189500654CE9 /* LYC.png */,
				C29048041BC6072100706772 /* ShwanClassificationController.h */,
				C29048051BC6072100706772 /* ShwanClassificationController.m */,
				C2F56E2A1BC536DE00FB0A9B /* YLTMyController.h */,
				C2F56E2B1BC536DE00FB0A9B /* YLTMyController.m */,
				C23F3A371BC7F5AD0024D2E0 /* LYCBrideSayHeadDetailControllerViewController.h */,
				C23F3A381BC7F5AD0024D2E0 /* LYCBrideSayHeadDetailControllerViewController.m */,
			);
			path = ViewController;
			sourceTree = "<group>";
		};
		C2F56DBD1BC4BDD900FB0A9B /* Vendors */ = {
			isa = PBXGroup;
			children = (
				C29048091BC6073E00706772 /* CarouselFingure.h */,
				C290480A1BC6073E00706772 /* CarouselFingure.m */,
				C290480B1BC6073E00706772 /* SDWebImage */,
			);
			path = Vendors;
			sourceTree = "<group>";
		};
/* End PBXGroup section */

/* Begin PBXNativeTarget section */
		C2F56D8A1BC4BC7300FB0A9B /* Wedding */ = {
			isa = PBXNativeTarget;
			buildConfigurationList = C2F56DA81BC4BC7300FB0A9B /* Build configuration list for PBXNativeTarget "Wedding" */;
			buildPhases = (
				99B77DFE8D2F1ED6B42D88F7 /* Check Pods Manifest.lock */,
				C2F56D871BC4BC7300FB0A9B /* Sources */,
				C2F56D881BC4BC7300FB0A9B /* Frameworks */,
				C2F56D891BC4BC7300FB0A9B /* Resources */,
				BBB25ABAEDD950B39FFB07ED /* Copy Pods Resources */,
			);
			buildRules = (
			);
			dependencies = (
			);
			name = Wedding;
			productName = Wedding;
			productReference = C2F56D8B1BC4BC7300FB0A9B /* Wedding.app */;
			productType = "com.apple.product-type.application";
		};
		C2F56D9D1BC4BC7300FB0A9B /* WeddingTests */ = {
			isa = PBXNativeTarget;
			buildConfigurationList = C2F56DAB1BC4BC7300FB0A9B /* Build configuration list for PBXNativeTarget "WeddingTests" */;
			buildPhases = (
				C2F56D9A1BC4BC7300FB0A9B /* Sources */,
				C2F56D9B1BC4BC7300FB0A9B /* Frameworks */,
				C2F56D9C1BC4BC7300FB0A9B /* Resources */,
			);
			buildRules = (
			);
			dependencies = (
				C2F56DA01BC4BC7300FB0A9B /* PBXTargetDependency */,
			);
			name = WeddingTests;
			productName = WeddingTests;
			productReference = C2F56D9E1BC4BC7300FB0A9B /* WeddingTests.xctest */;
			productType = "com.apple.product-type.bundle.unit-test";
		};
/* End PBXNativeTarget section */

/* Begin PBXProject section */
		C2F56D831BC4BC7300FB0A9B /* Project object */ = {
			isa = PBXProject;
			attributes = {
				LastUpgradeCheck = 0640;
				ORGANIZATIONNAME = "蓝鸥科技";
				TargetAttributes = {
					C2F56D8A1BC4BC7300FB0A9B = {
						CreatedOnToolsVersion = 6.4;
					};
					C2F56D9D1BC4BC7300FB0A9B = {
						CreatedOnToolsVersion = 6.4;
						TestTargetID = C2F56D8A1BC4BC7300FB0A9B;
					};
				};
			};
			buildConfigurationList = C2F56D861BC4BC7300FB0A9B /* Build configuration list for PBXProject "Wedding" */;
			compatibilityVersion = "Xcode 3.2";
			developmentRegion = English;
			hasScannedForEncodings = 0;
			knownRegions = (
				en,
				Base,
			);
			mainGroup = C2F56D821BC4BC7300FB0A9B;
			productRefGroup = C2F56D8C1BC4BC7300FB0A9B /* Products */;
			projectDirPath = "";
			projectRoot = "";
			targets = (
				C2F56D8A1BC4BC7300FB0A9B /* Wedding */,
				C2F56D9D1BC4BC7300FB0A9B /* WeddingTests */,
			);
		};
/* End PBXProject section */

/* Begin PBXResourcesBuildPhase section */
		C2F56D891BC4BC7300FB0A9B /* Resources */ = {
			isa = PBXResourcesBuildPhase;
			buildActionMask = 2147483647;
			files = (
				C20DF77D1BC78E0900DA89F6 /* LYCBrideSayThirdCell.xib in Resources */,
				C290484F1BC608E600706772 /* OneSectionCollectionCell.xib in Resources */,
				C20DF7821BC7928600DA89F6 /* LYCBrideSayThirdCell2.xib in Resources */,
				C29047EF1BC606E100706772 /* LYCBrideSaySecondCell.xib in Resources */,
				C2C3CA881BC6189500654CE9 /* LYC.png in Resources */,
				C2F56D991BC4BC7300FB0A9B /* LaunchScreen.xib in Resources */,
				C2F56E1B1BC5360000FB0A9B /* YLTMyCell.xib in Resources */,
				C290484D1BC608E600706772 /* BannerCell.xib in Resources */,
				C29047ED1BC606E100706772 /* LYCBrideSayFirstCell.xib in Resources */,
				C29048511BC608E600706772 /* ThreeSectionCell.xib in Resources */,
				C2F56D961BC4BC7300FB0A9B /* Images.xcassets in Resources */,
				C2F56E231BC5365900FB0A9B /* YLTMyHeaderView.xib in Resources */,
			);
			runOnlyForDeploymentPostprocessing = 0;
		};
		C2F56D9C1BC4BC7300FB0A9B /* Resources */ = {
			isa = PBXResourcesBuildPhase;
			buildActionMask = 2147483647;
			files = (
			);
			runOnlyForDeploymentPostprocessing = 0;
		};
/* End PBXResourcesBuildPhase section */

/* Begin PBXShellScriptBuildPhase section */
		99B77DFE8D2F1ED6B42D88F7 /* Check Pods Manifest.lock */ = {
			isa = PBXShellScriptBuildPhase;
			buildActionMask = 2147483647;
			files = (
			);
			inputPaths = (
			);
			name = "Check Pods Manifest.lock";
			outputPaths = (
			);
			runOnlyForDeploymentPostprocessing = 0;
			shellPath = /bin/sh;
			shellScript = "diff \"${PODS_ROOT}/../Podfile.lock\" \"${PODS_ROOT}/Manifest.lock\" > /dev/null\nif [[ $? != 0 ]] ; then\n    cat << EOM\nerror: The sandbox is not in sync with the Podfile.lock. Run 'pod install' or update your CocoaPods installation.\nEOM\n    exit 1\nfi\n";
			showEnvVarsInLog = 0;
		};
		BBB25ABAEDD950B39FFB07ED /* Copy Pods Resources */ = {
			isa = PBXShellScriptBuildPhase;
			buildActionMask = 2147483647;
			files = (
			);
			inputPaths = (
			);
			name = "Copy Pods Resources";
			outputPaths = (
			);
			runOnlyForDeploymentPostprocessing = 0;
			shellPath = /bin/sh;
			shellScript = "\"${SRCROOT}/Pods/Target Support Files/Pods/Pods-resources.sh\"\n";
			showEnvVarsInLog = 0;
		};
/* End PBXShellScriptBuildPhase section */

/* Begin PBXSourcesBuildPhase section */
		C2F56D871BC4BC7300FB0A9B /* Sources */ = {
			isa = PBXSourcesBuildPhase;
			buildActionMask = 2147483647;
			files = (
				C2F56DBE1BC4BDD900FB0A9B /* AppDelegate.m in Sources */,
				C29048531BC6090900706772 /* LYCBrideSayFirstCell.m in Sources */,
				C29048501BC608E600706772 /* ThreeSectionCell.m in Sources */,
				C29048371BC6073E00706772 /* UIButton+WebCache.m in Sources */,
				C29048351BC6073E00706772 /* SDWebImageManager.m in Sources */,
				C29048071BC6072100706772 /* LYCBrideSayController.m in Sources */,
				C290482D1BC6073E00706772 /* CarouselFingure.m in Sources */,
				C20DF77C1BC78E0900DA89F6 /* LYCBrideSayThirdCell.m in Sources */,
				C29048081BC6072100706772 /* ShwanClassificationController.m in Sources */,
				C29048331BC6073E00706772 /* SDWebImageDownloader.m in Sources */,
				C2F56DD01BC4BFB900FB0A9B /* ViewController6.m in Sources */,
				C29048311BC6073E00706772 /* SDWebImageCompat.m in Sources */,
				C2F56DDF1BC4C4D900FB0A9B /* RootViewController.m in Sources */,
				C2C3CA861BC6160D00654CE9 /* LYCBrideSayHeadItem.m in Sources */,
				C20DF7811BC7928600DA89F6 /* LYCBrideSayThirdCell2.m in Sources */,
				C290483D1BC6073E00706772 /* UIView+WebCacheOperation.m in Sources */,
				C2F56D911BC4BC7300FB0A9B /* main.m in Sources */,
				C29048601BC60AE500706772 /* headerView4HomePage.m in Sources */,
				C29047F81BC606F300706772 /* Model4HomePage.m in Sources */,
				C23F3A391BC7F5AD0024D2E0 /* LYCBrideSayHeadDetailControllerViewController.m in Sources */,
				C290483C1BC6073E00706772 /* UIImageView+WebCache.m in Sources */,
				C290483A1BC6073E00706772 /* UIImage+WebP.m in Sources */,
				C29048301BC6073E00706772 /* SDImageCache.m in Sources */,
				C29048391BC6073E00706772 /* UIImage+MultiFormat.m in Sources */,
				C29048341BC6073E00706772 /* SDWebImageDownloaderOperation.m in Sources */,
				C2F56E2C1BC536DE00FB0A9B /* YLTMyController.m in Sources */,
				C290483B1BC6073E00706772 /* UIImageView+HighlightedWebCache.m in Sources */,
				C2F56DC11BC4BF6800FB0A9B /* ViewController1.m in Sources */,
				C290484E1BC608E600706772 /* OneSectionCollectionCell.m in Sources */,
				C2F56E221BC5365900FB0A9B /* YLTMyHeaderView.m in Sources */,
				C290482F1BC6073E00706772 /* NSData+ImageContentType.m in Sources */,
				C29048551BC6091D00706772 /* LYCBrideSaySecondCell.m in Sources */,
				C29047F91BC606F300706772 /* SHwanModle.m in Sources */,
				C29048421BC6088000706772 /* HomePageController.m in Sources */,
				C2F56DC71BC4BF9900FB0A9B /* ViewController3.m in Sources */,
				C2C3CA831BC615C800654CE9 /* LYCBrideSayHeadHelper.m in Sources */,
				C290484C1BC608E600706772 /* BannerCell.m in Sources */,
				C29048321BC6073E00706772 /* SDWebImageDecoder.m in Sources */,
				C29048361BC6073E00706772 /* SDWebImagePrefetcher.m in Sources */,
				C290482E1BC6073E00706772 /* MKAnnotationView+WebCache.m in Sources */,
				C29048381BC6073E00706772 /* UIImage+GIF.m in Sources */,
				C2F56E1A1BC5360000FB0A9B /* YLTMyCell.m in Sources */,
			);
			runOnlyForDeploymentPostprocessing = 0;
		};
		C2F56D9A1BC4BC7300FB0A9B /* Sources */ = {
			isa = PBXSourcesBuildPhase;
			buildActionMask = 2147483647;
			files = (
				C2F56DA51BC4BC7300FB0A9B /* WeddingTests.m in Sources */,
			);
			runOnlyForDeploymentPostprocessing = 0;
		};
/* End PBXSourcesBuildPhase section */

/* Begin PBXTargetDependency section */
		C2F56DA01BC4BC7300FB0A9B /* PBXTargetDependency */ = {
			isa = PBXTargetDependency;
			target = C2F56D8A1BC4BC7300FB0A9B /* Wedding */;
			targetProxy = C2F56D9F1BC4BC7300FB0A9B /* PBXContainerItemProxy */;
		};
/* End PBXTargetDependency section */

/* Begin PBXVariantGroup section */
		C2F56D971BC4BC7300FB0A9B /* LaunchScreen.xib */ = {
			isa = PBXVariantGroup;
			children = (
				C2F56D981BC4BC7300FB0A9B /* Base */,
			);
			name = LaunchScreen.xib;
			sourceTree = "<group>";
		};
/* End PBXVariantGroup section */

/* Begin XCBuildConfiguration section */
		C2F56DA61BC4BC7300FB0A9B /* Debug */ = {
			isa = XCBuildConfiguration;
			buildSettings = {
				ALWAYS_SEARCH_USER_PATHS = NO;
				CLANG_CXX_LANGUAGE_STANDARD = "gnu++0x";
				CLANG_CXX_LIBRARY = "libc++";
				CLANG_ENABLE_MODULES = YES;
				CLANG_ENABLE_OBJC_ARC = YES;
				CLANG_WARN_BOOL_CONVERSION = YES;
				CLANG_WARN_CONSTANT_CONVERSION = YES;
				CLANG_WARN_DIRECT_OBJC_ISA_USAGE = YES_ERROR;
				CLANG_WARN_EMPTY_BODY = YES;
				CLANG_WARN_ENUM_CONVERSION = YES;
				CLANG_WARN_INT_CONVERSION = YES;
				CLANG_WARN_OBJC_ROOT_CLASS = YES_ERROR;
				CLANG_WARN_UNREACHABLE_CODE = YES;
				CLANG_WARN__DUPLICATE_METHOD_MATCH = YES;
				"CODE_SIGN_IDENTITY[sdk=iphoneos*]" = "iPhone Developer";
				COPY_PHASE_STRIP = NO;
				DEBUG_INFORMATION_FORMAT = "dwarf-with-dsym";
				ENABLE_STRICT_OBJC_MSGSEND = YES;
				GCC_C_LANGUAGE_STANDARD = gnu99;
				GCC_DYNAMIC_NO_PIC = NO;
				GCC_NO_COMMON_BLOCKS = YES;
				GCC_OPTIMIZATION_LEVEL = 0;
				GCC_PREPROCESSOR_DEFINITIONS = (
					"DEBUG=1",
					"$(inherited)",
				);
				GCC_SYMBOLS_PRIVATE_EXTERN = NO;
				GCC_WARN_64_TO_32_BIT_CONVERSION = YES;
				GCC_WARN_ABOUT_RETURN_TYPE = YES_ERROR;
				GCC_WARN_UNDECLARED_SELECTOR = YES;
				GCC_WARN_UNINITIALIZED_AUTOS = YES_AGGRESSIVE;
				GCC_WARN_UNUSED_FUNCTION = YES;
				GCC_WARN_UNUSED_VARIABLE = YES;
				IPHONEOS_DEPLOYMENT_TARGET = 8.4;
				MTL_ENABLE_DEBUG_INFO = YES;
				ONLY_ACTIVE_ARCH = YES;
				SDKROOT = iphoneos;
				TARGETED_DEVICE_FAMILY = "1,2";
			};
			name = Debug;
		};
		C2F56DA71BC4BC7300FB0A9B /* Release */ = {
			isa = XCBuildConfiguration;
			buildSettings = {
				ALWAYS_SEARCH_USER_PATHS = NO;
				CLANG_CXX_LANGUAGE_STANDARD = "gnu++0x";
				CLANG_CXX_LIBRARY = "libc++";
				CLANG_ENABLE_MODULES = YES;
				CLANG_ENABLE_OBJC_ARC = YES;
				CLANG_WARN_BOOL_CONVERSION = YES;
				CLANG_WARN_CONSTANT_CONVERSION = YES;
				CLANG_WARN_DIRECT_OBJC_ISA_USAGE = YES_ERROR;
				CLANG_WARN_EMPTY_BODY = YES;
				CLANG_WARN_ENUM_CONVERSION = YES;
				CLANG_WARN_INT_CONVERSION = YES;
				CLANG_WARN_OBJC_ROOT_CLASS = YES_ERROR;
				CLANG_WARN_UNREACHABLE_CODE = YES;
				CLANG_WARN__DUPLICATE_METHOD_MATCH = YES;
				"CODE_SIGN_IDENTITY[sdk=iphoneos*]" = "iPhone Developer";
				COPY_PHASE_STRIP = NO;
				DEBUG_INFORMATION_FORMAT = "dwarf-with-dsym";
				ENABLE_NS_ASSERTIONS = NO;
				ENABLE_STRICT_OBJC_MSGSEND = YES;
				GCC_C_LANGUAGE_STANDARD = gnu99;
				GCC_NO_COMMON_BLOCKS = YES;
				GCC_WARN_64_TO_32_BIT_CONVERSION = YES;
				GCC_WARN_ABOUT_RETURN_TYPE = YES_ERROR;
				GCC_WARN_UNDECLARED_SELECTOR = YES;
				GCC_WARN_UNINITIALIZED_AUTOS = YES_AGGRESSIVE;
				GCC_WARN_UNUSED_FUNCTION = YES;
				GCC_WARN_UNUSED_VARIABLE = YES;
				IPHONEOS_DEPLOYMENT_TARGET = 8.4;
				MTL_ENABLE_DEBUG_INFO = NO;
				SDKROOT = iphoneos;
				TARGETED_DEVICE_FAMILY = "1,2";
				VALIDATE_PRODUCT = YES;
			};
			name = Release;
		};
		C2F56DA91BC4BC7300FB0A9B /* Debug */ = {
			isa = XCBuildConfiguration;
			baseConfigurationReference = DD207AD06B0D84923964B00B /* Pods.debug.xcconfig */;
			buildSettings = {
				ASSETCATALOG_COMPILER_APPICON_NAME = AppIcon;
				GCC_PREFIX_HEADER = Wedding/CenturyWedding.pch;
				INFOPLIST_FILE = Wedding/Info.plist;
				IPHONEOS_DEPLOYMENT_TARGET = 8.0;
				LD_RUNPATH_SEARCH_PATHS = "$(inherited) @executable_path/Frameworks";
				PRODUCT_NAME = "$(TARGET_NAME)";
			};
			name = Debug;
		};
		C2F56DAA1BC4BC7300FB0A9B /* Release */ = {
			isa = XCBuildConfiguration;
			baseConfigurationReference = 768FCE94DE073BDDEFD607F2 /* Pods.release.xcconfig */;
			buildSettings = {
				ASSETCATALOG_COMPILER_APPICON_NAME = AppIcon;
				GCC_PREFIX_HEADER = Wedding/CenturyWedding.pch;
				INFOPLIST_FILE = Wedding/Info.plist;
				IPHONEOS_DEPLOYMENT_TARGET = 8.0;
				LD_RUNPATH_SEARCH_PATHS = "$(inherited) @executable_path/Frameworks";
				PRODUCT_NAME = "$(TARGET_NAME)";
			};
			name = Release;
		};
		C2F56DAC1BC4BC7300FB0A9B /* Debug */ = {
			isa = XCBuildConfiguration;
			buildSettings = {
				BUNDLE_LOADER = "$(TEST_HOST)";
				FRAMEWORK_SEARCH_PATHS = (
					"$(SDKROOT)/Developer/Library/Frameworks",
					"$(inherited)",
				);
				GCC_PREPROCESSOR_DEFINITIONS = (
					"DEBUG=1",
					"$(inherited)",
				);
				INFOPLIST_FILE = WeddingTests/Info.plist;
				LD_RUNPATH_SEARCH_PATHS = "$(inherited) @executable_path/Frameworks @loader_path/Frameworks";
				PRODUCT_NAME = "$(TARGET_NAME)";
				TEST_HOST = "$(BUILT_PRODUCTS_DIR)/Wedding.app/Wedding";
			};
			name = Debug;
		};
		C2F56DAD1BC4BC7300FB0A9B /* Release */ = {
			isa = XCBuildConfiguration;
			buildSettings = {
				BUNDLE_LOADER = "$(TEST_HOST)";
				FRAMEWORK_SEARCH_PATHS = (
					"$(SDKROOT)/Developer/Library/Frameworks",
					"$(inherited)",
				);
				INFOPLIST_FILE = WeddingTests/Info.plist;
				LD_RUNPATH_SEARCH_PATHS = "$(inherited) @executable_path/Frameworks @loader_path/Frameworks";
				PRODUCT_NAME = "$(TARGET_NAME)";
				TEST_HOST = "$(BUILT_PRODUCTS_DIR)/Wedding.app/Wedding";
			};
			name = Release;
		};
/* End XCBuildConfiguration section */

/* Begin XCConfigurationList section */
		C2F56D861BC4BC7300FB0A9B /* Build configuration list for PBXProject "Wedding" */ = {
			isa = XCConfigurationList;
			buildConfigurations = (
				C2F56DA61BC4BC7300FB0A9B /* Debug */,
				C2F56DA71BC4BC7300FB0A9B /* Release */,
			);
			defaultConfigurationIsVisible = 0;
			defaultConfigurationName = Release;
		};
		C2F56DA81BC4BC7300FB0A9B /* Build configuration list for PBXNativeTarget "Wedding" */ = {
			isa = XCConfigurationList;
			buildConfigurations = (
				C2F56DA91BC4BC7300FB0A9B /* Debug */,
				C2F56DAA1BC4BC7300FB0A9B /* Release */,
			);
			defaultConfigurationIsVisible = 0;
			defaultConfigurationName = Release;
		};
		C2F56DAB1BC4BC7300FB0A9B /* Build configuration list for PBXNativeTarget "WeddingTests" */ = {
			isa = XCConfigurationList;
			buildConfigurations = (
				C2F56DAC1BC4BC7300FB0A9B /* Debug */,
				C2F56DAD1BC4BC7300FB0A9B /* Release */,
			);
			defaultConfigurationIsVisible = 0;
			defaultConfigurationName = Release;
		};
/* End XCConfigurationList section */
	};
	rootObject = C2F56D831BC4BC7300FB0A9B /* Project object */;
}
